// !$*UTF8*$!
{
	archiveVersion = 1;
	classes = {
	};
	objectVersion = 50;
	objects = {

/* Begin PBXBuildFile section */
		899BA8D5252F643B0018634B /* AppDelegate.swift in Sources */ = {isa = PBXBuildFile; fileRef = 899BA8D4252F643B0018634B /* AppDelegate.swift */; };
		899BA8D7252F643B0018634B /* ContentView.swift in Sources */ = {isa = PBXBuildFile; fileRef = 899BA8D6252F643B0018634B /* ContentView.swift */; };
		899BA8D9252F643B0018634B /* Experience.rcproject in Sources */ = {isa = PBXBuildFile; fileRef = 899BA8D8252F643B0018634B /* Experience.rcproject */; };
		899BA8DB252F643C0018634B /* Assets.xcassets in Resources */ = {isa = PBXBuildFile; fileRef = 899BA8DA252F643C0018634B /* Assets.xcassets */; };
		899BA8DE252F643C0018634B /* Preview Assets.xcassets in Resources */ = {isa = PBXBuildFile; fileRef = 899BA8DD252F643C0018634B /* Preview Assets.xcassets */; };
		899BA8E9252F6A830018634B /* ViewController.swift in Sources */ = {isa = PBXBuildFile; fileRef = 899BA8E8252F6A830018634B /* ViewController.swift */; };
		899BA8ED252F6ABC0018634B /* Extensions.swift in Sources */ = {isa = PBXBuildFile; fileRef = 899BA8EC252F6ABC0018634B /* Extensions.swift */; };
		899BA8F0252F6AD60018634B /* Main.storyboard in Resources */ = {isa = PBXBuildFile; fileRef = 899BA8EF252F6AD60018634B /* Main.storyboard */; };
		899BA8F3252F6AE80018634B /* LaunchScreen.storyboard in Resources */ = {isa = PBXBuildFile; fileRef = 899BA8F2252F6AE80018634B /* LaunchScreen.storyboard */; };
		899BA905252F6B180018634B /* LabelNode.swift in Sources */ = {isa = PBXBuildFile; fileRef = 899BA901252F6B180018634B /* LabelNode.swift */; };
		899BA906252F6B180018634B /* SphereNode.swift in Sources */ = {isa = PBXBuildFile; fileRef = 899BA902252F6B180018634B /* SphereNode.swift */; };
		899BA907252F6B180018634B /* Ruler.swift in Sources */ = {isa = PBXBuildFile; fileRef = 899BA903252F6B180018634B /* Ruler.swift */; };
		899BA908252F6B180018634B /* LineNode.swift in Sources */ = {isa = PBXBuildFile; fileRef = 899BA904252F6B180018634B /* LineNode.swift */; };
/* End PBXBuildFile section */

/* Begin PBXFileReference section */
		899BA8D1252F643B0018634B /* ACV.app */ = {isa = PBXFileReference; explicitFileType = wrapper.application; includeInIndex = 0; path = ACV.app; sourceTree = BUILT_PRODUCTS_DIR; };
		899BA8D4252F643B0018634B /* AppDelegate.swift */ = {isa = PBXFileReference; lastKnownFileType = sourcecode.swift; path = AppDelegate.swift; sourceTree = "<group>"; };
		899BA8D6252F643B0018634B /* ContentView.swift */ = {isa = PBXFileReference; lastKnownFileType = sourcecode.swift; path = ContentView.swift; sourceTree = "<group>"; };
		899BA8D8252F643B0018634B /* Experience.rcproject */ = {isa = PBXFileReference; lastKnownFileType = file.rcproject; path = Experience.rcproject; sourceTree = "<group>"; };
		899BA8DA252F643C0018634B /* Assets.xcassets */ = {isa = PBXFileReference; lastKnownFileType = folder.assetcatalog; path = Assets.xcassets; sourceTree = "<group>"; };
		899BA8DD252F643C0018634B /* Preview Assets.xcassets */ = {isa = PBXFileReference; lastKnownFileType = folder.assetcatalog; path = "Preview Assets.xcassets"; sourceTree = "<group>"; };
		899BA8DF252F643C0018634B /* Info.plist */ = {isa = PBXFileReference; lastKnownFileType = text.plist.xml; path = Info.plist; sourceTree = "<group>"; };
		899BA8E8252F6A830018634B /* ViewController.swift */ = {isa = PBXFileReference; fileEncoding = 4; lastKnownFileType = sourcecode.swift; path = ViewController.swift; sourceTree = "<group>"; };
		899BA8EC252F6ABC0018634B /* Extensions.swift */ = {isa = PBXFileReference; fileEncoding = 4; lastKnownFileType = sourcecode.swift; path = Extensions.swift; sourceTree = "<group>"; };
		899BA8EF252F6AD60018634B /* Main.storyboard */ = {isa = PBXFileReference; fileEncoding = 4; lastKnownFileType = file.storyboard; path = Main.storyboard; sourceTree = "<group>"; };
		899BA8F2252F6AE80018634B /* LaunchScreen.storyboard */ = {isa = PBXFileReference; fileEncoding = 4; lastKnownFileType = file.storyboard; path = LaunchScreen.storyboard; sourceTree = "<group>"; };
		899BA901252F6B180018634B /* LabelNode.swift */ = {isa = PBXFileReference; fileEncoding = 4; lastKnownFileType = sourcecode.swift; path = LabelNode.swift; sourceTree = "<group>"; };
		899BA902252F6B180018634B /* SphereNode.swift */ = {isa = PBXFileReference; fileEncoding = 4; lastKnownFileType = sourcecode.swift; path = SphereNode.swift; sourceTree = "<group>"; };
		899BA903252F6B180018634B /* Ruler.swift */ = {isa = PBXFileReference; fileEncoding = 4; lastKnownFileType = sourcecode.swift; path = Ruler.swift; sourceTree = "<group>"; };
		899BA904252F6B180018634B /* LineNode.swift */ = {isa = PBXFileReference; fileEncoding = 4; lastKnownFileType = sourcecode.swift; path = LineNode.swift; sourceTree = "<group>"; };
/* End PBXFileReference section */

/* Begin PBXFrameworksBuildPhase section */
		899BA8CE252F643B0018634B /* Frameworks */ = {
			isa = PBXFrameworksBuildPhase;
			buildActionMask = 2147483647;
			files = (
			);
			runOnlyForDeploymentPostprocessing = 0;
		};
/* End PBXFrameworksBuildPhase section */

/* Begin PBXGroup section */
		899BA8C8252F643A0018634B = {
			isa = PBXGroup;
			children = (
				899BA8D3252F643B0018634B /* ACV */,
				899BA8D2252F643B0018634B /* Products */,
			);
			sourceTree = "<group>";
		};
		899BA8D2252F643B0018634B /* Products */ = {
			isa = PBXGroup;
			children = (
				899BA8D1252F643B0018634B /* ACV.app */,
			);
			name = Products;
			sourceTree = "<group>";
		};
		899BA8D3252F643B0018634B /* ACV */ = {
			isa = PBXGroup;
			children = (
				899BA8EB252F6ABC0018634B /* Utils */,
				899BA8D4252F643B0018634B /* AppDelegate.swift */,
				899BA900252F6B180018634B /* Primitives */,
				899BA8D6252F643B0018634B /* ContentView.swift */,
				899BA8E8252F6A830018634B /* ViewController.swift */,
				899BA8EF252F6AD60018634B /* Main.storyboard */,
				899BA8D8252F643B0018634B /* Experience.rcproject */,
				899BA8F2252F6AE80018634B /* LaunchScreen.storyboard */,
				899BA8DA252F643C0018634B /* Assets.xcassets */,
				899BA8DF252F643C0018634B /* Info.plist */,
				899BA8DC252F643C0018634B /* Preview Content */,
			);
			path = ACV;
			sourceTree = "<group>";
		};
		899BA8DC252F643C0018634B /* Preview Content */ = {
			isa = PBXGroup;
			children = (
				899BA8DD252F643C0018634B /* Preview Assets.xcassets */,
			);
			path = "Preview Content";
			sourceTree = "<group>";
		};
		899BA8EB252F6ABC0018634B /* Utils */ = {
			isa = PBXGroup;
			children = (
				899BA8EC252F6ABC0018634B /* Extensions.swift */,
			);
			path = Utils;
			sourceTree = "<group>";
		};
		899BA900252F6B180018634B /* Primitives */ = {
			isa = PBXGroup;
			children = (
				899BA901252F6B180018634B /* LabelNode.swift */,
				899BA902252F6B180018634B /* SphereNode.swift */,
				899BA903252F6B180018634B /* Ruler.swift */,
				899BA904252F6B180018634B /* LineNode.swift */,
			);
			path = Primitives;
			sourceTree = "<group>";
		};
/* End PBXGroup section */

/* Begin PBXNativeTarget section */
		899BA8D0252F643B0018634B /* ACV */ = {
			isa = PBXNativeTarget;
			buildConfigurationList = 899BA8E2252F643C0018634B /* Build configuration list for PBXNativeTarget "ACV" */;
			buildPhases = (
				899BA8CD252F643B0018634B /* Sources */,
				899BA8CE252F643B0018634B /* Frameworks */,
				899BA8CF252F643B0018634B /* Resources */,
			);
			buildRules = (
			);
			dependencies = (
			);
			name = ACV;
			productName = ACV;
			productReference = 899BA8D1252F643B0018634B /* ACV.app */;
			productType = "com.apple.product-type.application";
		};
/* End PBXNativeTarget section */

/* Begin PBXProject section */
		899BA8C9252F643A0018634B /* Project object */ = {
			isa = PBXProject;
			attributes = {
				LastSwiftUpdateCheck = 1200;
				LastUpgradeCheck = 1200;
				TargetAttributes = {
					899BA8D0252F643B0018634B = {
						CreatedOnToolsVersion = 12.0;
					};
				};
			};
			buildConfigurationList = 899BA8CC252F643A0018634B /* Build configuration list for PBXProject "ACV" */;
			compatibilityVersion = "Xcode 9.3";
			developmentRegion = en;
			hasScannedForEncodings = 0;
			knownRegions = (
				en,
				Base,
			);
			mainGroup = 899BA8C8252F643A0018634B;
			productRefGroup = 899BA8D2252F643B0018634B /* Products */;
			projectDirPath = "";
			projectRoot = "";
			targets = (
				899BA8D0252F643B0018634B /* ACV */,
			);
		};
/* End PBXProject section */

/* Begin PBXResourcesBuildPhase section */
		899BA8CF252F643B0018634B /* Resources */ = {
			isa = PBXResourcesBuildPhase;
			buildActionMask = 2147483647;
			files = (
				899BA8F0252F6AD60018634B /* Main.storyboard in Resources */,
				899BA8F3252F6AE80018634B /* LaunchScreen.storyboard in Resources */,
				899BA8DE252F643C0018634B /* Preview Assets.xcassets in Resources */,
				899BA8DB252F643C0018634B /* Assets.xcassets in Resources */,
			);
			runOnlyForDeploymentPostprocessing = 0;
		};
/* End PBXResourcesBuildPhase section */

/* Begin PBXSourcesBuildPhase section */
		899BA8CD252F643B0018634B /* Sources */ = {
			isa = PBXSourcesBuildPhase;
			buildActionMask = 2147483647;
			files = (
				899BA907252F6B180018634B /* Ruler.swift in Sources */,
				899BA908252F6B180018634B /* LineNode.swift in Sources */,
				899BA8ED252F6ABC0018634B /* Extensions.swift in Sources */,
				899BA8D7252F643B0018634B /* ContentView.swift in Sources */,
				899BA906252F6B180018634B /* SphereNode.swift in Sources */,
				899BA905252F6B180018634B /* LabelNode.swift in Sources */,
				899BA8D5252F643B0018634B /* AppDelegate.swift in Sources */,
				899BA8E9252F6A830018634B /* ViewController.swift in Sources */,
				899BA8D9252F643B0018634B /* Experience.rcproject in Sources */,
			);
			runOnlyForDeploymentPostprocessing = 0;
		};
/* End PBXSourcesBuildPhase section */

/* Begin XCBuildConfiguration section */
		899BA8E0252F643C0018634B /* Debug */ = {
			isa = XCBuildConfiguration;
			buildSettings = {
				ALWAYS_SEARCH_USER_PATHS = NO;
				CLANG_ANALYZER_NONNULL = YES;
				CLANG_ANALYZER_NUMBER_OBJECT_CONVERSION = YES_AGGRESSIVE;
				CLANG_CXX_LANGUAGE_STANDARD = "gnu++14";
				CLANG_CXX_LIBRARY = "libc++";
				CLANG_ENABLE_MODULES = YES;
				CLANG_ENABLE_OBJC_ARC = YES;
				CLANG_ENABLE_OBJC_WEAK = YES;
				CLANG_WARN_BLOCK_CAPTURE_AUTORELEASING = YES;
				CLANG_WARN_BOOL_CONVERSION = YES;
				CLANG_WARN_COMMA = YES;
				CLANG_WARN_CONSTANT_CONVERSION = YES;
				CLANG_WARN_DEPRECATED_OBJC_IMPLEMENTATIONS = YES;
				CLANG_WARN_DIRECT_OBJC_ISA_USAGE = YES_ERROR;
				CLANG_WARN_DOCUMENTATION_COMMENTS = YES;
				CLANG_WARN_EMPTY_BODY = YES;
				CLANG_WARN_ENUM_CONVERSION = YES;
				CLANG_WARN_INFINITE_RECURSION = YES;
				CLANG_WARN_INT_CONVERSION = YES;
				CLANG_WARN_NON_LITERAL_NULL_CONVERSION = YES;
				CLANG_WARN_OBJC_IMPLICIT_RETAIN_SELF = YES;
				CLANG_WARN_OBJC_LITERAL_CONVERSION = YES;
				CLANG_WARN_OBJC_ROOT_CLASS = YES_ERROR;
				CLANG_WARN_QUOTED_INCLUDE_IN_FRAMEWORK_HEADER = YES;
				CLANG_WARN_RANGE_LOOP_ANALYSIS = YES;
				CLANG_WARN_STRICT_PROTOTYPES = YES;
				CLANG_WARN_SUSPICIOUS_MOVE = YES;
				CLANG_WARN_UNGUARDED_AVAILABILITY = YES_AGGRESSIVE;
				CLANG_WARN_UNREACHABLE_CODE = YES;
				CLANG_WARN__DUPLICATE_METHOD_MATCH = YES;
				COPY_PHASE_STRIP = NO;
				DEBUG_INFORMATION_FORMAT = dwarf;
				ENABLE_STRICT_OBJC_MSGSEND = YES;
				ENABLE_TESTABILITY = YES;
				GCC_C_LANGUAGE_STANDARD = gnu11;
				GCC_DYNAMIC_NO_PIC = NO;
				GCC_NO_COMMON_BLOCKS = YES;
				GCC_OPTIMIZATION_LEVEL = 0;
				GCC_PREPROCESSOR_DEFINITIONS = (
					"DEBUG=1",
					"$(inherited)",
				);
				GCC_WARN_64_TO_32_BIT_CONVERSION = YES;
				GCC_WARN_ABOUT_RETURN_TYPE = YES_ERROR;
				GCC_WARN_UNDECLARED_SELECTOR = YES;
				GCC_WARN_UNINITIALIZED_AUTOS = YES_AGGRESSIVE;
				GCC_WARN_UNUSED_FUNCTION = YES;
				GCC_WARN_UNUSED_VARIABLE = YES;
				IPHONEOS_DEPLOYMENT_TARGET = 14.0;
				MTL_ENABLE_DEBUG_INFO = INCLUDE_SOURCE;
				MTL_FAST_MATH = YES;
				ONLY_ACTIVE_ARCH = YES;
				SDKROOT = iphoneos;
				SWIFT_ACTIVE_COMPILATION_CONDITIONS = DEBUG;
				SWIFT_OPTIMIZATION_LEVEL = "-Onone";
			};
			name = Debug;
		};
		899BA8E1252F643C0018634B /* Release */ = {
			isa = XCBuildConfiguration;
			buildSettings = {
				ALWAYS_SEARCH_USER_PATHS = NO;
				CLANG_ANALYZER_NONNULL = YES;
				CLANG_ANALYZER_NUMBER_OBJECT_CONVERSION = YES_AGGRESSIVE;
				CLANG_CXX_LANGUAGE_STANDARD = "gnu++14";
				CLANG_CXX_LIBRARY = "libc++";
				CLANG_ENABLE_MODULES = YES;
				CLANG_ENABLE_OBJC_ARC = YES;
				CLANG_ENABLE_OBJC_WEAK = YES;
				CLANG_WARN_BLOCK_CAPTURE_AUTORELEASING = YES;
				CLANG_WARN_BOOL_CONVERSION = YES;
				CLANG_WARN_COMMA = YES;
				CLANG_WARN_CONSTANT_CONVERSION = YES;
				CLANG_WARN_DEPRECATED_OBJC_IMPLEMENTATIONS = YES;
				CLANG_WARN_DIRECT_OBJC_ISA_USAGE = YES_ERROR;
				CLANG_WARN_DOCUMENTATION_COMMENTS = YES;
				CLANG_WARN_EMPTY_BODY = YES;
				CLANG_WARN_ENUM_CONVERSION = YES;
				CLANG_WARN_INFINITE_RECURSION = YES;
				CLANG_WARN_INT_CONVERSION = YES;
				CLANG_WARN_NON_LITERAL_NULL_CONVERSION = YES;
				CLANG_WARN_OBJC_IMPLICIT_RETAIN_SELF = YES;
				CLANG_WARN_OBJC_LITERAL_CONVERSION = YES;
				CLANG_WARN_OBJC_ROOT_CLASS = YES_ERROR;
				CLANG_WARN_QUOTED_INCLUDE_IN_FRAMEWORK_HEADER = YES;
				CLANG_WARN_RANGE_LOOP_ANALYSIS = YES;
				CLANG_WARN_STRICT_PROTOTYPES = YES;
				CLANG_WARN_SUSPICIOUS_MOVE = YES;
				CLANG_WARN_UNGUARDED_AVAILABILITY = YES_AGGRESSIVE;
				CLANG_WARN_UNREACHABLE_CODE = YES;
				CLANG_WARN__DUPLICATE_METHOD_MATCH = YES;
				COPY_PHASE_STRIP = NO;
				DEBUG_INFORMATION_FORMAT = "dwarf-with-dsym";
				ENABLE_NS_ASSERTIONS = NO;
				ENABLE_STRICT_OBJC_MSGSEND = YES;
				GCC_C_LANGUAGE_STANDARD = gnu11;
				GCC_NO_COMMON_BLOCKS = YES;
				GCC_WARN_64_TO_32_BIT_CONVERSION = YES;
				GCC_WARN_ABOUT_RETURN_TYPE = YES_ERROR;
				GCC_WARN_UNDECLARED_SELECTOR = YES;
				GCC_WARN_UNINITIALIZED_AUTOS = YES_AGGRESSIVE;
				GCC_WARN_UNUSED_FUNCTION = YES;
				GCC_WARN_UNUSED_VARIABLE = YES;
				IPHONEOS_DEPLOYMENT_TARGET = 14.0;
				MTL_ENABLE_DEBUG_INFO = NO;
				MTL_FAST_MATH = YES;
				SDKROOT = iphoneos;
				SWIFT_COMPILATION_MODE = wholemodule;
				SWIFT_OPTIMIZATION_LEVEL = "-O";
				VALIDATE_PRODUCT = YES;
			};
			name = Release;
		};
		899BA8E3252F643C0018634B /* Debug */ = {
			isa = XCBuildConfiguration;
			buildSettings = {
				ASSETCATALOG_COMPILER_APPICON_NAME = AppIcon;
				ASSETCATALOG_COMPILER_GLOBAL_ACCENT_COLOR_NAME = AccentColor;
				CODE_SIGN_STYLE = Automatic;
				DEVELOPMENT_ASSET_PATHS = "\"ACV/Preview Content\"";
				DEVELOPMENT_TEAM = ZMRK9C3448;
				ENABLE_PREVIEWS = YES;
				INFOPLIST_FILE = ACV/Info.plist;
				IPHONEOS_DEPLOYMENT_TARGET = 13.6;
				LD_RUNPATH_SEARCH_PATHS = (
					"$(inherited)",
					"@executable_path/Frameworks",
				);
				PRODUCT_BUNDLE_IDENTIFIER = com.camo.ACV;
				PRODUCT_NAME = "$(TARGET_NAME)";
				SWIFT_VERSION = 5.0;
				TARGETED_DEVICE_FAMILY = "1,2";
			};
			name = Debug;
		};
		899BA8E4252F643C0018634B /* Release */ = {
			isa = XCBuildConfiguration;
			buildSettings = {
				ASSETCATALOG_COMPILER_APPICON_NAME = AppIcon;
				ASSETCATALOG_COMPILER_GLOBAL_ACCENT_COLOR_NAME = AccentColor;
				CODE_SIGN_STYLE = Automatic;
				DEVELOPMENT_ASSET_PATHS = "\"ACV/Preview Content\"";
				DEVELOPMENT_TEAM = ZMRK9C3448;
				ENABLE_PREVIEWS = YES;
				INFOPLIST_FILE = ACV/Info.plist;
				IPHONEOS_DEPLOYMENT_TARGET = 13.6;
				LD_RUNPATH_SEARCH_PATHS = (
					"$(inherited)",
					"@executable_path/Frameworks",
				);
				PRODUCT_BUNDLE_IDENTIFIER = com.camo.ACV;
				PRODUCT_NAME = "$(TARGET_NAME)";
				SWIFT_VERSION = 5.0;
				TARGETED_DEVICE_FAMILY = "1,2";
			};
			name = Release;
		};
/* End XCBuildConfiguration section */

/* Begin XCConfigurationList section */
		899BA8CC252F643A0018634B /* Build configuration list for PBXProject "ACV" */ = {
			isa = XCConfigurationList;
			buildConfigurations = (
				899BA8E0252F643C0018634B /* Debug */,
				899BA8E1252F643C0018634B /* Release */,
			);
			defaultConfigurationIsVisible = 0;
			defaultConfigurationName = Release;
		};
		899BA8E2252F643C0018634B /* Build configuration list for PBXNativeTarget "ACV" */ = {
			isa = XCConfigurationList;
			buildConfigurations = (
				899BA8E3252F643C0018634B /* Debug */,
				899BA8E4252F643C0018634B /* Release */,
			);
			defaultConfigurationIsVisible = 0;
			defaultConfigurationName = Release;
		};
/* End XCConfigurationList section */
	};
	rootObject = 899BA8C9252F643A0018634B /* Project object */;
}
